
Microsoft Visual Studio Solution File, Format Version 12.00
# Visual Studio Version 17
VisualStudioVersion = 17.9.34728.123
MinimumVisualStudioVersion = 10.0.40219.1
Project("{8BC9CEB8-8B4A-11D0-8D11-00A0C91BC942}") = "lab11", "lab11.vcxproj", "{B928FCE2-1970-4F0A-85E3-6B333D0258C4}"
EndProject
Global
	GlobalSection(SolutionConfigurationPlatforms) = preSolution
		Debug|x64 = Debug|x64
		Release|x64 = Release|x64
	EndGlobalSection
	GlobalSection(ProjectConfigurationPlatforms) = postSolution
		{B928FCE2-1970-4F0A-85E3-6B333D0258C4}.Debug|x64.ActiveCfg = Debug|x64
		{B928FCE2-1970-4F0A-85E3-6B333D0258C4}.Debug|x64.Build.0 = Debug|x64
		{B928FCE2-1970-4F0A-85E3-6B333D0258C4}.Release|x64.ActiveCfg = Release|x64
		{B928FCE2-1970-4F0A-85E3-6B333D0258C4}.Release|x64.Build.0 = Release|x64
	EndGlobalSection
	GlobalSection(SolutionProperties) = preSolution
		HideSolutionNode = FALSE
	EndGlobalSection
	GlobalSection(ExtensibilityGlobals) = postSolution
		SolutionGuid = {EF99C8B6-E669-431F-93E3-714037548719}
	EndGlobalSection
EndGlobal
