
Microsoft Visual Studio Solution File, Format Version 12.00
# Visual Studio Version 17
VisualStudioVersion = 17.9.34728.123
MinimumVisualStudioVersion = 10.0.40219.1
Project("{8BC9CEB8-8B4A-11D0-8D11-00A0C91BC942}") = "practic", "practic.vcxproj", "{E377DF07-27EA-4728-A6B7-0C9BBD38E493}"
EndProject
Global
	GlobalSection(SolutionConfigurationPlatforms) = preSolution
		Debug|x64 = Debug|x64
		Release|x64 = Release|x64
	EndGlobalSection
	GlobalSection(ProjectConfigurationPlatforms) = postSolution
		{E377DF07-27EA-4728-A6B7-0C9BBD38E493}.Debug|x64.ActiveCfg = Debug|x64
		{E377DF07-27EA-4728-A6B7-0C9BBD38E493}.Debug|x64.Build.0 = Debug|x64
		{E377DF07-27EA-4728-A6B7-0C9BBD38E493}.Release|x64.ActiveCfg = Release|x64
		{E377DF07-27EA-4728-A6B7-0C9BBD38E493}.Release|x64.Build.0 = Release|x64
	EndGlobalSection
	GlobalSection(SolutionProperties) = preSolution
		HideSolutionNode = FALSE
	EndGlobalSection
	GlobalSection(ExtensibilityGlobals) = postSolution
		SolutionGuid = {4E79625A-738A-4491-A5C1-D2C0E177B273}
	EndGlobalSection
EndGlobal
