
Microsoft Visual Studio Solution File, Format Version 12.00
# Visual Studio Version 17
VisualStudioVersion = 17.9.34728.123
MinimumVisualStudioVersion = 10.0.40219.1
Project("{8BC9CEB8-8B4A-11D0-8D11-00A0C91BC942}") = "practic", "practic.vcxproj", "{E49AB5A0-0734-450D-BDE9-6F70EED1CB05}"
EndProject
Global
	GlobalSection(SolutionConfigurationPlatforms) = preSolution
		Debug|x64 = Debug|x64
		Release|x64 = Release|x64
	EndGlobalSection
	GlobalSection(ProjectConfigurationPlatforms) = postSolution
		{E49AB5A0-0734-450D-BDE9-6F70EED1CB05}.Debug|x64.ActiveCfg = Debug|x64
		{E49AB5A0-0734-450D-BDE9-6F70EED1CB05}.Debug|x64.Build.0 = Debug|x64
		{E49AB5A0-0734-450D-BDE9-6F70EED1CB05}.Release|x64.ActiveCfg = Release|x64
		{E49AB5A0-0734-450D-BDE9-6F70EED1CB05}.Release|x64.Build.0 = Release|x64
	EndGlobalSection
	GlobalSection(SolutionProperties) = preSolution
		HideSolutionNode = FALSE
	EndGlobalSection
	GlobalSection(ExtensibilityGlobals) = postSolution
		SolutionGuid = {D4942372-11AE-4A22-B26E-FFD1290D42D2}
	EndGlobalSection
EndGlobal
